{
  "name": "contract_test",
  "version": "1.0.0",
  "lockfileVersion": 1,
  "requires": true,
  "dependencies": {
    "@babel/runtime": {
      "version": "7.12.1",
      "resolved": "https://registry.npm.taobao.org/@babel/runtime/download/@babel/runtime-7.12.1.tgz?cache=0&sync_timestamp=1602800238505&other_urls=https%3A%2F%2Fregistry.npm.taobao.org%2F%40babel%2Fruntime%2Fdownload%2F%40babel%2Fruntime-7.12.1.tgz",
      "integrity": "sha1-tBFqa2cR0BCy2tO3tuQ78bmVR0A=",
      "requires": {
        "regenerator-runtime": "^0.13.4"
      }
    },
    "@ethersproject/abi": {
      "version": "5.0.7",
      "resolved": "https://registry.npm.taobao.org/@ethersproject/abi/download/@ethersproject/abi-5.0.7.tgz",
      "integrity": "sha1-eeUkUr08opVtDhyWQgelitGg7ns=",
      "requires": {
        "@ethersproject/address": "^5.0.4",
        "@ethersproject/bignumber": "^5.0.7",
        "@ethersproject/bytes": "^5.0.4",
        "@ethersproject/constants": "^5.0.4",
        "@ethersproject/hash": "^5.0.4",
        "@ethersproject/keccak256": "^5.0.3",
        "@ethersproject/logger": "^5.0.5",
        "@ethersproject/properties": "^5.0.3",
        "@ethersproject/strings": "^5.0.4"
      }
    },
    "@ethersproject/abstract-provider": {
      "version": "5.0.5",
      "resolved": "https://registry.npm.taobao.org/@ethersproject/abstract-provider/download/@ethersproject/abstract-provider-5.0.5.tgz",
      "integrity": "sha1-eXoyqHB4MK8a2Pgz6cIomU1Vcrk=",
      "requires": {
        "@ethersproject/bignumber": "^5.0.7",
        "@ethersproject/bytes": "^5.0.4",
        "@ethersproject/logger": "^5.0.5",
        "@ethersproject/networks": "^5.0.3",
        "@ethersproject/properties": "^5.0.3",
        "@ethersproject/transactions": "^5.0.5",
        "@ethersproject/web": "^5.0.6"
      }
    },
    "@ethersproject/abstract-signer": {
      "version": "5.0.7",
      "resolved": "https://registry.npm.taobao.org/@ethersproject/abstract-signer/download/@ethersproject/abstract-signer-5.0.7.tgz",
      "integrity": "sha1-zb071Hnt93xxt/amFWsCdbEXbe0=",
      "requires": {
        "@ethersproject/abstract-provider": "^5.0.4",
        "@ethersproject/bignumber": "^5.0.7",
        "@ethersproject/bytes": "^5.0.4",
        "@ethersproject/logger": "^5.0.5",
        "@ethersproject/properties": "^5.0.3"
      }
    },
    "@ethersproject/address": {
      "version": "5.0.5",
      "resolved": "https://registry.npm.taobao.org/@ethersproject/address/download/@ethersproject/address-5.0.5.tgz",
      "integrity": "sha1-LKpl9rcSUBU5WxtUyYXuCycFnMc=",
      "requires": {
        "@ethersproject/bignumber": "^5.0.7",
        "@ethersproject/bytes": "^5.0.4",
        "@ethersproject/keccak256": "^5.0.3",
        "@ethersproject/logger": "^5.0.5",
        "@ethersproject/rlp": "^5.0.3",
        "bn.js": "^4.4.0"
      }
    },
    "@ethersproject/base64": {
      "version": "5.0.4",
      "resolved": "https://registry.npm.taobao.org/@ethersproject/base64/download/@ethersproject/base64-5.0.4.tgz",
      "integrity": "sha1-sNj9vz3al3z1RtzTVyWnsdUlbKo=",
      "requires": {
        "@ethersproject/bytes": "^5.0.4"
      }
    },
    "@ethersproject/basex": {
      "version": "5.0.4",
      "resolved": "https://registry.npm.taobao.org/@ethersproject/basex/download/@ethersproject/basex-5.0.4.tgz",
      "integrity": "sha1-k+HNEfmkcoHaI4neJPiOE+nZCEc=",
      "requires": {
        "@ethersproject/bytes": "^5.0.4",
        "@ethersproject/properties": "^5.0.3"
      }
    },
    "@ethersproject/bignumber": {
      "version": "5.0.8",
      "resolved": "https://registry.npm.taobao.org/@ethersproject/bignumber/download/@ethersproject/bignumber-5.0.8.tgz",
      "integrity": "sha1-zuM72OsCZhdt7w03G0UnSx0sTsA=",
      "requires": {
        "@ethersproject/bytes": "^5.0.4",
        "@ethersproject/logger": "^5.0.5",
        "bn.js": "^4.4.0"
      }
    },
    "@ethersproject/bytes": {
      "version": "5.0.5",
      "resolved": "https://registry.npm.taobao.org/@ethersproject/bytes/download/@ethersproject/bytes-5.0.5.tgz",
      "integrity": "sha1-aItwAA5VDeDJehUaIfFbh9f5fXw=",
      "requires": {
        "@ethersproject/logger": "^5.0.5"
      }
    },
    "@ethersproject/constants": {
      "version": "5.0.5",
      "resolved": "https://registry.npm.taobao.org/@ethersproject/constants/download/@ethersproject/constants-5.0.5.tgz",
      "integrity": "sha1-DtGbAC6EBL320TUjTchqfZvPm3E=",
      "requires": {
        "@ethersproject/bignumber": "^5.0.7"
      }
    },
    "@ethersproject/contracts": {
      "version": "5.0.5",
      "resolved": "https://registry.npm.taobao.org/@ethersproject/contracts/download/@ethersproject/contracts-5.0.5.tgz",
      "integrity": "sha1-ZIMaNB7IyiJeg/8+lDfCa5cP1dc=",
      "requires": {
        "@ethersproject/abi": "^5.0.5",
        "@ethersproject/abstract-provider": "^5.0.4",
        "@ethersproject/abstract-signer": "^5.0.4",
        "@ethersproject/address": "^5.0.4",
        "@ethersproject/bignumber": "^5.0.7",
        "@ethersproject/bytes": "^5.0.4",
        "@ethersproject/constants": "^5.0.4",
        "@ethersproject/logger": "^5.0.5",
        "@ethersproject/properties": "^5.0.3"
      }
    },
    "@ethersproject/hash": {
      "version": "5.0.6",
      "resolved": "https://registry.npm.taobao.org/@ethersproject/hash/download/@ethersproject/hash-5.0.6.tgz",
      "integrity": "sha1-Ki6KFHBoVCEhfp6G6ZccpjbmCc4=",
      "requires": {
        "@ethersproject/abstract-signer": "^5.0.6",
        "@ethersproject/address": "^5.0.5",
        "@ethersproject/bignumber": "^5.0.8",
        "@ethersproject/bytes": "^5.0.4",
        "@ethersproject/keccak256": "^5.0.3",
        "@ethersproject/logger": "^5.0.5",
        "@ethersproject/properties": "^5.0.4",
        "@ethersproject/strings": "^5.0.4"
      }
    },
    "@ethersproject/hdnode": {
      "version": "5.0.5",
      "resolved": "https://registry.npm.taobao.org/@ethersproject/hdnode/download/@ethersproject/hdnode-5.0.5.tgz",
      "integrity": "sha1-H4mq0KW6nfrjqFo24Gafi8enR4E=",
      "requires": {
        "@ethersproject/abstract-signer": "^5.0.4",
        "@ethersproject/basex": "^5.0.3",
        "@ethersproject/bignumber": "^5.0.7",
        "@ethersproject/bytes": "^5.0.4",
        "@ethersproject/logger": "^5.0.5",
        "@ethersproject/pbkdf2": "^5.0.3",
        "@ethersproject/properties": "^5.0.3",
        "@ethersproject/sha2": "^5.0.3",
        "@ethersproject/signing-key": "^5.0.4",
        "@ethersproject/strings": "^5.0.4",
        "@ethersproject/transactions": "^5.0.5",
        "@ethersproject/wordlists": "^5.0.4"
      }
    },
    "@ethersproject/json-wallets": {
      "version": "5.0.7",
      "resolved": "https://registry.npm.taobao.org/@ethersproject/json-wallets/download/@ethersproject/json-wallets-5.0.7.tgz",
      "integrity": "sha1-TEh1OzjOe84jpV8lwj8kYXz1YOU=",
      "requires": {
        "@ethersproject/abstract-signer": "^5.0.4",
        "@ethersproject/address": "^5.0.4",
        "@ethersproject/bytes": "^5.0.4",
        "@ethersproject/hdnode": "^5.0.4",
        "@ethersproject/keccak256": "^5.0.3",
        "@ethersproject/logger": "^5.0.5",
        "@ethersproject/pbkdf2": "^5.0.3",
        "@ethersproject/properties": "^5.0.3",
        "@ethersproject/random": "^5.0.3",
        "@ethersproject/strings": "^5.0.4",
        "@ethersproject/transactions": "^5.0.5",
        "aes-js": "3.0.0",
        "scrypt-js": "3.0.1"
      }
    },
    "@ethersproject/keccak256": {
      "version": "5.0.4",
      "resolved": "https://registry.npm.taobao.org/@ethersproject/keccak256/download/@ethersproject/keccak256-5.0.4.tgz",
      "integrity": "sha1-NsoKfRrionLaVlTLiGd20MaA7zo=",
      "requires": {
        "@ethersproject/bytes": "^5.0.4",
        "js-sha3": "0.5.7"
      }
    },
    "@ethersproject/logger": {
      "version": "5.0.6",
      "resolved": "https://registry.npm.taobao.org/@ethersproject/logger/download/@ethersproject/logger-5.0.6.tgz?cache=0&sync_timestamp=1601705676779&other_urls=https%3A%2F%2Fregistry.npm.taobao.org%2F%40ethersproject%2Flogger%2Fdownload%2F%40ethersproject%2Flogger-5.0.6.tgz",
      "integrity": "sha1-+qSEID6G4Ivp4H/vgmr+73GD/og="
    },
    "@ethersproject/networks": {
      "version": "5.0.4",
      "resolved": "https://registry.npm.taobao.org/@ethersproject/networks/download/@ethersproject/networks-5.0.4.tgz",
      "integrity": "sha1-bTIKXhWgzagE9dqIvguoRhVvbuw=",
      "requires": {
        "@ethersproject/logger": "^5.0.5"
      }
    },
    "@ethersproject/pbkdf2": {
      "version": "5.0.4",
      "resolved": "https://registry.npm.taobao.org/@ethersproject/pbkdf2/download/@ethersproject/pbkdf2-5.0.4.tgz",
      "integrity": "sha1-oIQdU/XOmitSplo0nS3BWRCwp2c=",
      "requires": {
        "@ethersproject/bytes": "^5.0.4",
        "@ethersproject/sha2": "^5.0.3"
      }
    },
    "@ethersproject/properties": {
      "version": "5.0.4",
      "resolved": "https://registry.npm.taobao.org/@ethersproject/properties/download/@ethersproject/properties-5.0.4.tgz",
      "integrity": "sha1-pnofWlLDCFC1BiyGFjHnPRMfZm4=",
      "requires": {
        "@ethersproject/logger": "^5.0.5"
      }
    },
    "@ethersproject/providers": {
      "version": "5.0.13",
      "resolved": "https://registry.npm.taobao.org/@ethersproject/providers/download/@ethersproject/providers-5.0.13.tgz",
      "integrity": "sha1-HsOeVENT4QkIA5VbpqGSDulC1qs=",
      "requires": {
        "@ethersproject/abstract-provider": "^5.0.4",
        "@ethersproject/abstract-signer": "^5.0.4",
        "@ethersproject/address": "^5.0.4",
        "@ethersproject/basex": "^5.0.3",
        "@ethersproject/bignumber": "^5.0.7",
        "@ethersproject/bytes": "^5.0.4",
        "@ethersproject/constants": "^5.0.4",
        "@ethersproject/hash": "^5.0.4",
        "@ethersproject/logger": "^5.0.5",
        "@ethersproject/networks": "^5.0.3",
        "@ethersproject/properties": "^5.0.3",
        "@ethersproject/random": "^5.0.3",
        "@ethersproject/rlp": "^5.0.3",
        "@ethersproject/sha2": "^5.0.3",
        "@ethersproject/strings": "^5.0.4",
        "@ethersproject/transactions": "^5.0.5",
        "@ethersproject/web": "^5.0.6",
        "bech32": "1.1.4",
        "ws": "7.2.3"
      }
    },
    "@ethersproject/random": {
      "version": "5.0.4",
      "resolved": "https://registry.npm.taobao.org/@ethersproject/random/download/@ethersproject/random-5.0.4.tgz",
      "integrity": "sha1-mPfPZbDliM7DnvJIQ+OR7VAEVW8=",
      "requires": {
        "@ethersproject/bytes": "^5.0.4",
        "@ethersproject/logger": "^5.0.5"
      }
    },
    "@ethersproject/rlp": {
      "version": "5.0.4",
      "resolved": "https://registry.npm.taobao.org/@ethersproject/rlp/download/@ethersproject/rlp-5.0.4.tgz",
      "integrity": "sha1-AJCgJx6E6oAwFqESp59c/YAnGnc=",
      "requires": {
        "@ethersproject/bytes": "^5.0.4",
        "@ethersproject/logger": "^5.0.5"
      }
    },
    "@ethersproject/sha2": {
      "version": "5.0.4",
      "resolved": "https://registry.npm.taobao.org/@ethersproject/sha2/download/@ethersproject/sha2-5.0.4.tgz",
      "integrity": "sha1-QPY5chon2+A0s97gIbogsFRYb+w=",
      "requires": {
        "@ethersproject/bytes": "^5.0.4",
        "@ethersproject/logger": "^5.0.5",
        "hash.js": "1.1.3"
      },
      "dependencies": {
        "hash.js": {
          "version": "1.1.3",
          "resolved": "https://registry.npm.taobao.org/hash.js/download/hash.js-1.1.3.tgz",
          "integrity": "sha1-NA3tvmKQGHFRweodd3o0SJNd+EY=",
          "requires": {
            "inherits": "^2.0.3",
            "minimalistic-assert": "^1.0.0"
          }
        }
      }
    },
    "@ethersproject/signing-key": {
      "version": "5.0.5",
      "resolved": "https://registry.npm.taobao.org/@ethersproject/signing-key/download/@ethersproject/signing-key-5.0.5.tgz",
      "integrity": "sha1-rP0G/AWhQYDffgJ2iLvSP8S694I=",
      "requires": {
        "@ethersproject/bytes": "^5.0.4",
        "@ethersproject/logger": "^5.0.5",
        "@ethersproject/properties": "^5.0.3",
        "elliptic": "6.5.3"
      }
    },
    "@ethersproject/solidity": {
      "version": "5.0.5",
      "resolved": "https://registry.npm.taobao.org/@ethersproject/solidity/download/@ethersproject/solidity-5.0.5.tgz",
      "integrity": "sha1-l6fYpn8tlE8gjJSP7Q1WVRK8wr4=",
      "requires": {
        "@ethersproject/bignumber": "^5.0.7",
        "@ethersproject/bytes": "^5.0.4",
        "@ethersproject/keccak256": "^5.0.3",
        "@ethersproject/sha2": "^5.0.3",
        "@ethersproject/strings": "^5.0.4"
      }
    },
    "@ethersproject/strings": {
      "version": "5.0.5",
      "resolved": "https://registry.npm.taobao.org/@ethersproject/strings/download/@ethersproject/strings-5.0.5.tgz",
      "integrity": "sha1-7X6ZooKgL0B1dpGwSiTNg/N1IZU=",
      "requires": {
        "@ethersproject/bytes": "^5.0.4",
        "@ethersproject/constants": "^5.0.4",
        "@ethersproject/logger": "^5.0.5"
      }
    },
    "@ethersproject/transactions": {
      "version": "5.0.6",
      "resolved": "https://registry.npm.taobao.org/@ethersproject/transactions/download/@ethersproject/transactions-5.0.6.tgz?cache=0&sync_timestamp=1601705696946&other_urls=https%3A%2F%2Fregistry.npm.taobao.org%2F%40ethersproject%2Ftransactions%2Fdownload%2F%40ethersproject%2Ftransactions-5.0.6.tgz",
      "integrity": "sha1-uLJ5OL5untZx2901/pivixTQ33w=",
      "requires": {
        "@ethersproject/address": "^5.0.4",
        "@ethersproject/bignumber": "^5.0.7",
        "@ethersproject/bytes": "^5.0.4",
        "@ethersproject/constants": "^5.0.4",
        "@ethersproject/keccak256": "^5.0.3",
        "@ethersproject/logger": "^5.0.5",
        "@ethersproject/properties": "^5.0.3",
        "@ethersproject/rlp": "^5.0.3",
        "@ethersproject/signing-key": "^5.0.4"
      }
    },
    "@ethersproject/units": {
      "version": "5.0.6",
      "resolved": "https://registry.npm.taobao.org/@ethersproject/units/download/@ethersproject/units-5.0.6.tgz",
      "integrity": "sha1-4Raez/t+jV6rhOFIGk413xkEVwg=",
      "requires": {
        "@ethersproject/bignumber": "^5.0.7",
        "@ethersproject/constants": "^5.0.4",
        "@ethersproject/logger": "^5.0.5"
      }
    },
    "@ethersproject/wallet": {
      "version": "5.0.6",
      "resolved": "https://registry.npm.taobao.org/@ethersproject/wallet/download/@ethersproject/wallet-5.0.6.tgz",
      "integrity": "sha1-ij91VqYUtUwk9ymy2siTpmuTGsk=",
      "requires": {
        "@ethersproject/abstract-provider": "^5.0.4",
        "@ethersproject/abstract-signer": "^5.0.4",
        "@ethersproject/address": "^5.0.4",
        "@ethersproject/bignumber": "^5.0.7",
        "@ethersproject/bytes": "^5.0.4",
        "@ethersproject/hash": "^5.0.4",
        "@ethersproject/hdnode": "^5.0.4",
        "@ethersproject/json-wallets": "^5.0.6",
        "@ethersproject/keccak256": "^5.0.3",
        "@ethersproject/logger": "^5.0.5",
        "@ethersproject/properties": "^5.0.3",
        "@ethersproject/random": "^5.0.3",
        "@ethersproject/signing-key": "^5.0.4",
        "@ethersproject/transactions": "^5.0.5",
        "@ethersproject/wordlists": "^5.0.4"
      }
    },
    "@ethersproject/web": {
      "version": "5.0.9",
      "resolved": "https://registry.npm.taobao.org/@ethersproject/web/download/@ethersproject/web-5.0.9.tgz",
      "integrity": "sha1-sI+ClfS/1Hd8hyP+lXL1RTufA8s=",
      "requires": {
        "@ethersproject/base64": "^5.0.3",
        "@ethersproject/bytes": "^5.0.4",
        "@ethersproject/logger": "^5.0.5",
        "@ethersproject/properties": "^5.0.3",
        "@ethersproject/strings": "^5.0.4"
      }
    },
    "@ethersproject/wordlists": {
      "version": "5.0.5",
      "resolved": "https://registry.npm.taobao.org/@ethersproject/wordlists/download/@ethersproject/wordlists-5.0.5.tgz",
      "integrity": "sha1-qTW3/bhslrROqDkf7ZSz+i8zxgY=",
      "requires": {
        "@ethersproject/bytes": "^5.0.4",
        "@ethersproject/hash": "^5.0.4",
        "@ethersproject/logger": "^5.0.5",
        "@ethersproject/properties": "^5.0.3",
        "@ethersproject/strings": "^5.0.4"
      }
    },
    "@openzeppelin/contracts": {
      "version": "2.5.1",
      "resolved": "https://registry.npm.taobao.org/@openzeppelin/contracts/download/@openzeppelin/contracts-2.5.1.tgz",
      "integrity": "sha1-x24/xXqiJNo3GOw1GBKkJRKJ2zE="
    },
    "aes-js": {
      "version": "3.0.0",
      "resolved": "https://registry.npm.taobao.org/aes-js/download/aes-js-3.0.0.tgz",
      "integrity": "sha1-4h3xCtbCBTKVvLuNq0Cwnb6ofk0="
    },
    "axios": {
      "version": "0.19.2",
      "resolved": "https://registry.npm.taobao.org/axios/download/axios-0.19.2.tgz?cache=0&sync_timestamp=1597979901717&other_urls=https%3A%2F%2Fregistry.npm.taobao.org%2Faxios%2Fdownload%2Faxios-0.19.2.tgz",
      "integrity": "sha1-PqNsXYgY0NX4qKl6bTa4bNwAyyc=",
      "requires": {
        "follow-redirects": "1.5.10"
      }
    },
    "babel-runtime": {
      "version": "6.26.0",
      "resolved": "https://registry.npm.taobao.org/babel-runtime/download/babel-runtime-6.26.0.tgz",
      "integrity": "sha1-llxwWGaOgrVde/4E/yM3vItWR/4=",
      "requires": {
        "core-js": "^2.4.0",
        "regenerator-runtime": "^0.11.0"
      },
      "dependencies": {
        "regenerator-runtime": {
          "version": "0.11.1",
          "resolved": "https://registry.npm.taobao.org/regenerator-runtime/download/regenerator-runtime-0.11.1.tgz",
          "integrity": "sha1-vgWtf5v30i4Fb5cmzuUBf78Z4uk="
        }
      }
    },
    "bech32": {
      "version": "1.1.4",
      "resolved": "https://registry.npm.taobao.org/bech32/download/bech32-1.1.4.tgz",
      "integrity": "sha1-44yfN78Xm46xauOncrQMNW1IMuk="
    },
    "bignumber.js": {
      "version": "7.2.1",
      "resolved": "https://registry.npm.taobao.org/bignumber.js/download/bignumber.js-7.2.1.tgz",
      "integrity": "sha1-gMBIdZ2CaACAfEv9Uh5Q7bulel8="
    },
    "bn.js": {
      "version": "4.11.9",
      "resolved": "https://registry.npm.taobao.org/bn.js/download/bn.js-4.11.9.tgz",
      "integrity": "sha1-JtVWgpRY+dHoH8SJUkk9C6NQeCg="
    },
    "brorand": {
      "version": "1.1.0",
      "resolved": "https://registry.npm.taobao.org/brorand/download/brorand-1.1.0.tgz",
      "integrity": "sha1-EsJe/kCkXjwyPrhnWgoM5XsiNx8="
    },
    "core-js": {
      "version": "2.6.11",
      "resolved": "https://registry.npm.taobao.org/core-js/download/core-js-2.6.11.tgz?cache=0&other_urls=https%3A%2F%2Fregistry.npm.taobao.org%2Fcore-js%2Fdownload%2Fcore-js-2.6.11.tgz",
      "integrity": "sha1-OIMUafmSK97Y7iHJ3EaYXgOZMIw="
    },
    "debug": {
      "version": "3.1.0",
      "resolved": "https://registry.npm.taobao.org/debug/download/debug-3.1.0.tgz?cache=0&sync_timestamp=1600502871403&other_urls=https%3A%2F%2Fregistry.npm.taobao.org%2Fdebug%2Fdownload%2Fdebug-3.1.0.tgz",
      "integrity": "sha1-W7WgZyYotkFJVmuhaBnmFRjGcmE=",
      "requires": {
        "ms": "2.0.0"
      }
    },
    "elliptic": {
      "version": "6.5.3",
      "resolved": "https://registry.npm.taobao.org/elliptic/download/elliptic-6.5.3.tgz?cache=0&sync_timestamp=1592492820150&other_urls=https%3A%2F%2Fregistry.npm.taobao.org%2Felliptic%2Fdownload%2Felliptic-6.5.3.tgz",
      "integrity": "sha1-y1nrLv2vc6C9eMzXAVpirW4Pk9Y=",
      "requires": {
        "bn.js": "^4.4.0",
        "brorand": "^1.0.1",
        "hash.js": "^1.0.0",
        "hmac-drbg": "^1.0.0",
        "inherits": "^2.0.1",
        "minimalistic-assert": "^1.0.0",
        "minimalistic-crypto-utils": "^1.0.0"
      }
    },
    "ethers": {
      "version": "5.0.18",
      "resolved": "https://registry.npm.taobao.org/ethers/download/ethers-5.0.18.tgz",
      "integrity": "sha1-LM84LTK5cS5pZ9CxQwPLD+gFbHo=",
      "requires": {
        "@ethersproject/abi": "5.0.7",
        "@ethersproject/abstract-provider": "5.0.5",
        "@ethersproject/abstract-signer": "5.0.7",
        "@ethersproject/address": "5.0.5",
        "@ethersproject/base64": "5.0.4",
        "@ethersproject/basex": "5.0.4",
        "@ethersproject/bignumber": "5.0.8",
        "@ethersproject/bytes": "5.0.5",
        "@ethersproject/constants": "5.0.5",
        "@ethersproject/contracts": "5.0.5",
        "@ethersproject/hash": "5.0.6",
        "@ethersproject/hdnode": "5.0.5",
        "@ethersproject/json-wallets": "5.0.7",
        "@ethersproject/keccak256": "5.0.4",
        "@ethersproject/logger": "5.0.6",
        "@ethersproject/networks": "5.0.4",
        "@ethersproject/pbkdf2": "5.0.4",
        "@ethersproject/properties": "5.0.4",
        "@ethersproject/providers": "5.0.13",
        "@ethersproject/random": "5.0.4",
        "@ethersproject/rlp": "5.0.4",
        "@ethersproject/sha2": "5.0.4",
        "@ethersproject/signing-key": "5.0.5",
        "@ethersproject/solidity": "5.0.5",
        "@ethersproject/strings": "5.0.5",
        "@ethersproject/transactions": "5.0.6",
        "@ethersproject/units": "5.0.6",
        "@ethersproject/wallet": "5.0.6",
        "@ethersproject/web": "5.0.9",
        "@ethersproject/wordlists": "5.0.5"
      }
    },
    "eventemitter3": {
      "version": "3.1.2",
      "resolved": "https://registry.npm.taobao.org/eventemitter3/download/eventemitter3-3.1.2.tgz?cache=0&sync_timestamp=1598518152708&other_urls=https%3A%2F%2Fregistry.npm.taobao.org%2Feventemitter3%2Fdownload%2Feventemitter3-3.1.2.tgz",
      "integrity": "sha1-LT1I+cNGaY/Og6hdfWZOmFNd9uc="
    },
    "follow-redirects": {
      "version": "1.5.10",
      "resolved": "https://registry.npm.taobao.org/follow-redirects/download/follow-redirects-1.5.10.tgz?cache=0&sync_timestamp=1597058273006&other_urls=https%3A%2F%2Fregistry.npm.taobao.org%2Ffollow-redirects%2Fdownload%2Ffollow-redirects-1.5.10.tgz",
      "integrity": "sha1-e3qfmuov3/NnhqlP9kPtB/T/Xio=",
      "requires": {
        "debug": "=3.1.0"
      }
    },
    "hash.js": {
      "version": "1.1.7",
      "resolved": "https://registry.npm.taobao.org/hash.js/download/hash.js-1.1.7.tgz",
      "integrity": "sha1-C6vKU46NTuSg+JiNaIZlN6ADz0I=",
      "requires": {
        "inherits": "^2.0.3",
        "minimalistic-assert": "^1.0.1"
      }
    },
    "hmac-drbg": {
      "version": "1.0.1",
      "resolved": "https://registry.npm.taobao.org/hmac-drbg/download/hmac-drbg-1.0.1.tgz",
      "integrity": "sha1-0nRXAQJabHdabFRXk+1QL8DGSaE=",
      "requires": {
        "hash.js": "^1.0.3",
        "minimalistic-assert": "^1.0.0",
        "minimalistic-crypto-utils": "^1.0.1"
      }
    },
    "inherits": {
      "version": "2.0.4",
      "resolved": "https://registry.npm.taobao.org/inherits/download/inherits-2.0.4.tgz",
      "integrity": "sha1-D6LGT5MpF8NDOg3tVTY6rjdBa3w="
    },
    "injectpromise": {
      "version": "1.0.0",
      "resolved": "https://registry.npm.taobao.org/injectpromise/download/injectpromise-1.0.0.tgz",
      "integrity": "sha1-xiH33yu/wRZNcU8fsimt7CB52jk="
    },
    "js-sha3": {
      "version": "0.5.7",
      "resolved": "https://registry.npm.taobao.org/js-sha3/download/js-sha3-0.5.7.tgz",
      "integrity": "sha1-DU/9gALVMzqrr0oj7tL2N0yfKOc="
    },
    "lodash": {
      "version": "4.17.20",
      "resolved": "https://registry.npm.taobao.org/lodash/download/lodash-4.17.20.tgz?cache=0&sync_timestamp=1597336001963&other_urls=https%3A%2F%2Fregistry.npm.taobao.org%2Flodash%2Fdownload%2Flodash-4.17.20.tgz",
      "integrity": "sha1-tEqbYpe8tpjxxRo1RaKzs2jVnFI="
    },
    "minimalistic-assert": {
      "version": "1.0.1",
      "resolved": "https://registry.npm.taobao.org/minimalistic-assert/download/minimalistic-assert-1.0.1.tgz",
      "integrity": "sha1-LhlN4ERibUoQ5/f7wAznPoPk1cc="
    },
    "minimalistic-crypto-utils": {
      "version": "1.0.1",
      "resolved": "https://registry.npm.taobao.org/minimalistic-crypto-utils/download/minimalistic-crypto-utils-1.0.1.tgz",
      "integrity": "sha1-9sAMHAsIIkblxNmd+4x8CDsrWCo="
    },
    "moment": {
      "version": "2.29.1",
      "resolved": "https://registry.npm.taobao.org/moment/download/moment-2.29.1.tgz?cache=0&sync_timestamp=1601983557585&other_urls=https%3A%2F%2Fregistry.npm.taobao.org%2Fmoment%2Fdownload%2Fmoment-2.29.1.tgz",
      "integrity": "sha1-sr52n6MZQL6e7qZGnAdeNQBvo9M="
    },
    "ms": {
      "version": "2.0.0",
      "resolved": "https://registry.npm.taobao.org/ms/download/ms-2.0.0.tgz",
      "integrity": "sha1-VgiurfwAvmwpAd9fmGF4jeDVl8g="
    },
    "regenerator-runtime": {
      "version": "0.13.7",
      "resolved": "https://registry.npm.taobao.org/regenerator-runtime/download/regenerator-runtime-0.13.7.tgz",
      "integrity": "sha1-ysLazIoepnX+qrrriugziYrkb1U="
    },
    "scrypt-js": {
      "version": "3.0.1",
      "resolved": "https://registry.npm.taobao.org/scrypt-js/download/scrypt-js-3.0.1.tgz",
      "integrity": "sha1-0xSlfCrvadGtmKE4oh/p6vqe4xI="
    },
    "semver": {
      "version": "5.7.1",
      "resolved": "https://registry.npm.taobao.org/semver/download/semver-5.7.1.tgz?cache=0&other_urls=https%3A%2F%2Fregistry.npm.taobao.org%2Fsemver%2Fdownload%2Fsemver-5.7.1.tgz",
      "integrity": "sha1-qVT5Ma66UI0we78Gnv8MAclhFvc="
    },
    "tronweb": {
      "version": "3.1.0",
      "resolved": "https://registry.npm.taobao.org/tronweb/download/tronweb-3.1.0.tgz",
      "integrity": "sha1-mbk9WtRWI+PrldKknr0vglxDRmU=",
      "requires": {
        "@babel/runtime": "^7.0.0",
        "axios": "^0.19.0",
        "babel-runtime": "^6.26.0",
        "bignumber.js": "^7.2.1",
        "elliptic": "^6.5.3",
        "ethers": "^5.0.8",
        "eventemitter3": "^3.1.0",
        "injectpromise": "^1.0.0",
        "lodash": "^4.17.14",
        "semver": "^5.6.0",
        "validator": "^10.7.1"
      }
    },
    "validator": {
      "version": "10.11.0",
      "resolved": "https://registry.npm.taobao.org/validator/download/validator-10.11.0.tgz",
      "integrity": "sha1-ADEI6m6amHTTHMyeUAaFbM12sig="
    },
    "ws": {
      "version": "7.2.3",
      "resolved": "https://registry.npm.taobao.org/ws/download/ws-7.2.3.tgz?cache=0&sync_timestamp=1593925481882&other_urls=https%3A%2F%2Fregistry.npm.taobao.org%2Fws%2Fdownload%2Fws-7.2.3.tgz",
      "integrity": "sha1-pUEeH7BNXtDv7nbSbVxG2DDDm0Y="
    }
  }
}
